
Microsoft Visual Studio Solution File, Format Version 12.00
# Visual Studio Version 17
VisualStudioVersion = 17.7.34031.279
MinimumVisualStudioVersion = 10.0.40219.1
Project("{FAE04EC0-301F-11D3-BF4B-00C04F79EFBC}") = "Kondaknowledge1.0", "Kondaknowledge1.0\Kondaknowledge1.0.csproj", "{164962C3-787E-4A2B-BE6A-1BBA0C7785D2}"
EndProject
Global
	GlobalSection(SolutionConfigurationPlatforms) = preSolution
		Debug|Any CPU = Debug|Any CPU
		Release|Any CPU = Release|Any CPU
	EndGlobalSection
	GlobalSection(ProjectConfigurationPlatforms) = postSolution
		{164962C3-787E-4A2B-BE6A-1BBA0C7785D2}.Debug|Any CPU.ActiveCfg = Debug|Any CPU
		{164962C3-787E-4A2B-BE6A-1BBA0C7785D2}.Debug|Any CPU.Build.0 = Debug|Any CPU
		{164962C3-787E-4A2B-BE6A-1BBA0C7785D2}.Release|Any CPU.ActiveCfg = Release|Any CPU
		{164962C3-787E-4A2B-BE6A-1BBA0C7785D2}.Release|Any CPU.Build.0 = Release|Any CPU
	EndGlobalSection
	GlobalSection(SolutionProperties) = preSolution
		HideSolutionNode = FALSE
	EndGlobalSection
	GlobalSection(ExtensibilityGlobals) = postSolution
		SolutionGuid = {99A443FB-1CC4-4047-AB06-F05A21C632CC}
	EndGlobalSection
EndGlobal
